{
  "version": "5",
  "specifiers": {
    "jsr:@supabase/functions-js@*": "2.4.4",
    "npm:@types/node@*": "22.15.15",
    "npm:openai@^4.52.5": "4.103.0",
    "npm:zod@*": "3.25.28"
  },
  "jsr": {
    "@supabase/functions-js@2.4.4": {
      "integrity": "38456509a6e22fb116b118464cbb36357256f9048d3580632b63af91f63769f7",
      "dependencies": [
        "npm:openai"
      ]
    }
  },
  "npm": {
    "@types/node-fetch@2.6.12": {
      "integrity": "sha512-8nneRWKCg3rMtF69nLQJnOYUcbafYeFSjqkw3jCRLsqkWFlHaoQrr5mXmofFGOx3DKn7UfmBMyov8ySvLRVldA==",
      "dependencies": [
        "@types/node@22.15.15",
        "form-data"
      ]
    },
    "@types/node@18.19.103": {
      "integrity": "sha512-hHTHp+sEz6SxFsp+SA+Tqrua3AbmlAw+Y//aEwdHrdZkYVRWdvWD3y5uPZ0flYOkgskaFWqZ/YGFm3FaFQ0pRw==",
      "dependencies": [
        "undici-types@5.26.5"
      ]
    },
    "@types/node@22.15.15": {
      "integrity": "sha512-R5muMcZob3/Jjchn5LcO8jdKwSCbzqmPB6ruBxMcf9kbxtniZHP327s6C37iOfuw8mbKK3cAQa7sEl7afLrQ8A==",
      "dependencies": [
        "undici-types@6.21.0"
      ]
    },
    "abort-controller@3.0.0": {
      "integrity": "sha512-h8lQ8tacZYnR3vNQTgibj+tODHI5/+l06Au2Pcriv/Gmet0eaj4TwWH41sO9wnHDiQsEj19q0drzdWdeAHtweg==",
      "dependencies": [
        "event-target-shim"
      ]
    },
    "agentkeepalive@4.6.0": {
      "integrity": "sha512-kja8j7PjmncONqaTsB8fQ+wE2mSU2DJ9D4XKoJ5PFWIdRMa6SLSN1ff4mOr4jCbfRSsxR4keIiySJU0N9T5hIQ==",
      "dependencies": [
        "humanize-ms"
      ]
    },
    "asynckit@0.4.0": {
      "integrity": "sha512-Oei9OH4tRh0YqU3GxhX79dM/mwVgvbZJaSNaRk+bshkj0S5cfHcgYakreBjrHwatXKbz+IoIdYLxrKim2MjW0Q=="
    },
    "call-bind-apply-helpers@1.0.2": {
      "integrity": "sha512-Sp1ablJ0ivDkSzjcaJdxEunN5/XvksFJ2sMBFfq6x0ryhQV/2b/KwFe21cMpmHtPOSij8K99/wSfoEuTObmuMQ==",
      "dependencies": [
        "es-errors",
        "function-bind"
      ]
    },
    "combined-stream@1.0.8": {
      "integrity": "sha512-FQN4MRfuJeHf7cBbBMJFXhKSDq+2kAArBlmRBvcvFE5BB1HZKXtSFASDhdlz9zOYwxh8lDdnvmMOe/+5cdoEdg==",
      "dependencies": [
        "delayed-stream"
      ]
    },
    "delayed-stream@1.0.0": {
      "integrity": "sha512-ZySD7Nf91aLB0RxL4KGrKHBXl7Eds1DAmEdcoVawXnLD7SDhpNgtuII2aAkg7a7QS41jxPSZ17p4VdGnMHk3MQ=="
    },
    "dunder-proto@1.0.1": {
      "integrity": "sha512-KIN/nDJBQRcXw0MLVhZE9iQHmG68qAVIBg9CqmUYjmQIhgij9U5MFvrqkUL5FbtyyzZuOeOt0zdeRe4UY7ct+A==",
      "dependencies": [
        "call-bind-apply-helpers",
        "es-errors",
        "gopd"
      ]
    },
    "es-define-property@1.0.1": {
      "integrity": "sha512-e3nRfgfUZ4rNGL232gUgX06QNyyez04KdjFrF+LTRoOXmrOgFKDg4BCdsjW8EnT69eqdYGmRpJwiPVYNrCaW3g=="
    },
    "es-errors@1.3.0": {
      "integrity": "sha512-Zf5H2Kxt2xjTvbJvP2ZWLEICxA6j+hAmMzIlypy4xcBg1vKVnx89Wy0GbS+kf5cwCVFFzdCFh2XSCFNULS6csw=="
    },
    "es-object-atoms@1.1.1": {
      "integrity": "sha512-FGgH2h8zKNim9ljj7dankFPcICIK9Cp5bm+c2gQSYePhpaG5+esrLODihIorn+Pe6FGJzWhXQotPv73jTaldXA==",
      "dependencies": [
        "es-errors"
      ]
    },
    "es-set-tostringtag@2.1.0": {
      "integrity": "sha512-j6vWzfrGVfyXxge+O0x5sh6cvxAog0a/4Rdd2K36zCMV5eJ+/+tOAngRO8cODMNWbVRdVlmGZQL2YS3yR8bIUA==",
      "dependencies": [
        "es-errors",
        "get-intrinsic",
        "has-tostringtag",
        "hasown"
      ]
    },
    "event-target-shim@5.0.1": {
      "integrity": "sha512-i/2XbnSz/uxRCU6+NdVJgKWDTM427+MqYbkQzD321DuCQJUqOuJKIA0IM2+W2xtYHdKOmZ4dR6fExsd4SXL+WQ=="
    },
    "form-data-encoder@1.7.2": {
      "integrity": "sha512-qfqtYan3rxrnCk1VYaA4H+Ms9xdpPqvLZa6xmMgFvhO32x7/3J/ExcTd6qpxM0vH2GdMI+poehyBZvqfMTto8A=="
    },
    "form-data@4.0.2": {
      "integrity": "sha512-hGfm/slu0ZabnNt4oaRZ6uREyfCj6P4fT/n6A1rGV+Z0VdGXjfOhVUpkn6qVQONHGIFwmveGXyDs75+nr6FM8w==",
      "dependencies": [
        "asynckit",
        "combined-stream",
        "es-set-tostringtag",
        "mime-types"
      ]
    },
    "formdata-node@4.4.1": {
      "integrity": "sha512-0iirZp3uVDjVGt9p49aTaqjk84TrglENEDuqfdlZQ1roC9CWlPk6Avf8EEnZNcAqPonwkG35x4n3ww/1THYAeQ==",
      "dependencies": [
        "node-domexception",
        "web-streams-polyfill"
      ]
    },
    "function-bind@1.1.2": {
      "integrity": "sha512-7XHNxH7qX9xG5mIwxkhumTox/MIRNcOgDrxWsMt2pAr23WHp6MrRlN7FBSFpCpr+oVO0F744iUgR82nJMfG2SA=="
    },
    "get-intrinsic@1.3.0": {
      "integrity": "sha512-9fSjSaos/fRIVIp+xSJlE6lfwhES7LNtKaCBIamHsjr2na1BiABJPo0mOjjz8GJDURarmCPGqaiVg5mfjb98CQ==",
      "dependencies": [
        "call-bind-apply-helpers",
        "es-define-property",
        "es-errors",
        "es-object-atoms",
        "function-bind",
        "get-proto",
        "gopd",
        "has-symbols",
        "hasown",
        "math-intrinsics"
      ]
    },
    "get-proto@1.0.1": {
      "integrity": "sha512-sTSfBjoXBp89JvIKIefqw7U2CCebsc74kiY6awiGogKtoSGbgjYE/G/+l9sF3MWFPNc9IcoOC4ODfKHfxFmp0g==",
      "dependencies": [
        "dunder-proto",
        "es-object-atoms"
      ]
    },
    "gopd@1.2.0": {
      "integrity": "sha512-ZUKRh6/kUFoAiTAtTYPZJ3hw9wNxx+BIBOijnlG9PnrJsCcSjs1wyyD6vJpaYtgnzDrKYRSqf3OO6Rfa93xsRg=="
    },
    "has-symbols@1.1.0": {
      "integrity": "sha512-1cDNdwJ2Jaohmb3sg4OmKaMBwuC48sYni5HUw2DvsC8LjGTLK9h+eb1X6RyuOHe4hT0ULCW68iomhjUoKUqlPQ=="
    },
    "has-tostringtag@1.0.2": {
      "integrity": "sha512-NqADB8VjPFLM2V0VvHUewwwsw0ZWBaIdgo+ieHtK3hasLz4qeCRjYcqfB6AQrBggRKppKF8L52/VqdVsO47Dlw==",
      "dependencies": [
        "has-symbols"
      ]
    },
    "hasown@2.0.2": {
      "integrity": "sha512-0hJU9SCPvmMzIBdZFqNPXWa6dqh7WdH0cII9y+CyS8rG3nL48Bclra9HmKhVVUHyPWNH5Y7xDwAB7bfgSjkUMQ==",
      "dependencies": [
        "function-bind"
      ]
    },
    "humanize-ms@1.2.1": {
      "integrity": "sha512-Fl70vYtsAFb/C06PTS9dZBo7ihau+Tu/DNCk/OyHhea07S+aeMWpFFkUaXRa8fI+ScZbEI8dfSxwY7gxZ9SAVQ==",
      "dependencies": [
        "ms"
      ]
    },
    "math-intrinsics@1.1.0": {
      "integrity": "sha512-/IXtbwEk5HTPyEwyKX6hGkYXxM9nbj64B+ilVJnC/R6B0pH5G4V3b0pVbL7DBj4tkhBAppbQUlf6F6Xl9LHu1g=="
    },
    "mime-db@1.52.0": {
      "integrity": "sha512-sPU4uV7dYlvtWJxwwxHD0PuihVNiE7TyAbQ5SWxDCB9mUYvOgroQOwYQQOKPJ8CIbE+1ETVlOoK1UC2nU3gYvg=="
    },
    "mime-types@2.1.35": {
      "integrity": "sha512-ZDY+bPm5zTTF+YpCrAU9nK0UgICYPT0QtT1NZWFv4s++TNkcgVaT0g6+4R2uI4MjQjzysHB1zxuWL50hzaeXiw==",
      "dependencies": [
        "mime-db"
      ]
    },
    "ms@2.1.3": {
      "integrity": "sha512-6FlzubTLZG3J2a/NVCAleEhjzq5oxgHyaCU9yYXvcLsvoVaHJq/s5xXI6/XXP6tz7R9xAOtHnSO/tXtF3WRTlA=="
    },
    "node-domexception@1.0.0": {
      "integrity": "sha512-/jKZoMpw0F8GRwl4/eLROPA3cfcXtLApP0QzLmUT/HuPCZWyB7IY9ZrMeKw2O/nFIqPQB3PVM9aYm0F312AXDQ==",
      "deprecated": true
    },
    "node-fetch@2.7.0": {
      "integrity": "sha512-c4FRfUm/dbcWZ7U+1Wq0AwCyFL+3nt2bEw05wfxSz+DWpWsitgmSgYmy2dQdWyKC1694ELPqMs/YzUSNozLt8A==",
      "dependencies": [
        "whatwg-url"
      ]
    },
    "openai@4.103.0": {
      "integrity": "sha512-eWcz9kdurkGOFDtd5ySS5y251H2uBgq9+1a2lTBnjMMzlexJ40Am5t6Mu76SSE87VvitPa0dkIAp75F+dZVC0g==",
      "dependencies": [
        "@types/node@18.19.103",
        "@types/node-fetch",
        "abort-controller",
        "agentkeepalive",
        "form-data-encoder",
        "formdata-node",
        "node-fetch"
      ],
      "bin": true
    },
    "tr46@0.0.3": {
      "integrity": "sha512-N3WMsuqV66lT30CrXNbEjx4GEwlow3v6rr4mCcv6prnfwhS01rkgyFdjPNBYd9br7LpXV1+Emh01fHnq2Gdgrw=="
    },
    "undici-types@5.26.5": {
      "integrity": "sha512-JlCMO+ehdEIKqlFxk6IfVoAUVmgz7cU7zD/h9XZ0qzeosSHmUJVOzSQvvYSYWXkFXC+IfLKSIffhv0sVZup6pA=="
    },
    "undici-types@6.21.0": {
      "integrity": "sha512-iwDZqg0QAGrg9Rav5H4n0M64c3mkR59cJ6wQp+7C4nI0gsmExaedaYLNO44eT4AtBBwjbTiGPMlt2Md0T9H9JQ=="
    },
    "web-streams-polyfill@4.0.0-beta.3": {
      "integrity": "sha512-QW95TCTaHmsYfHDybGMwO5IJIM93I/6vTRk+daHTWFPhwh+C8Cg7j7XyKrwrj8Ib6vYXe0ocYNrmzY4xAAN6ug=="
    },
    "webidl-conversions@3.0.1": {
      "integrity": "sha512-2JAn3z8AR6rjK8Sm8orRC0h/bcl/DqL7tRPdGZ4I1CjdF+EaMLmYxBHyXuKL849eucPFhvBoxMsflfOb8kxaeQ=="
    },
    "whatwg-url@5.0.0": {
      "integrity": "sha512-saE57nupxk6v3HY35+jzBwYa0rKSy0XR8JSxZPwgLr7ys0IBzhGviA1/TUGJLmSVqs8pb9AnvICXEuOHLprYTw==",
      "dependencies": [
        "tr46",
        "webidl-conversions"
      ]
    },
    "zod@3.25.28": {
      "integrity": "sha512-/nt/67WYKnr5by3YS7LroZJbtcCBurDKKPBPWWzaxvVCGuG/NOsiKkrjoOhI8mJ+SQUXEbUzeB3S+6XDUEEj7Q=="
    }
  },
  "remote": {
    "https://deno.land/x/openai@v4.69.0/_shims/MultipartBody.ts": "fe06a56b54ae358c9cf99823096e34b36795fdba2e17513f0e9539210edd797d",
    "https://deno.land/x/openai@v4.69.0/_shims/mod.ts": "2e253cb26bfa7060bd37e45626e60e4bf3e7b3fb3e0f559fdfdeef94c73f9372",
    "https://deno.land/x/openai@v4.69.0/_vendor/partial-json-parser/parser.ts": "5ee7caf85edb570fb4b95a81e8fb48fc3c9450b70a46efe7f9c1a2010738d060",
    "https://deno.land/x/openai@v4.69.0/_vendor/zod-to-json-schema/Options.ts": "da8779de3d838606293fa4a796f338a5becedad75539f9b56d6e2e1b51df1e63",
    "https://deno.land/x/openai@v4.69.0/_vendor/zod-to-json-schema/Refs.ts": "4a581fb4f7547976025febaccd7d132a814d8a6185630794f11e0ff72f60b850",
    "https://deno.land/x/openai@v4.69.0/_vendor/zod-to-json-schema/errorMessages.ts": "4147962e0537498e36f57f960a75ce481d1ff17e7243870957e31680d595b299",
    "https://deno.land/x/openai@v4.69.0/_vendor/zod-to-json-schema/mod.ts": "fd460c66a8202dffb474d27db37381438a45c12b25d0826a64c100bccf70d18c",
    "https://deno.land/x/openai@v4.69.0/_vendor/zod-to-json-schema/parseDef.ts": "0f049d6874e3401e6e77684cd2eb71a3731382050e60e5a9e41c16bd4420aeef",
    "https://deno.land/x/openai@v4.69.0/_vendor/zod-to-json-schema/parsers/any.ts": "79a4db369e7d2d0d282a27205008c158907cf13c785dd2a4ea47afbf86b04b7f",
    "https://deno.land/x/openai@v4.69.0/_vendor/zod-to-json-schema/parsers/array.ts": "78da37b33254af4de9f855c38dd90f0b8e3a9c0cce3c5f99f5f845e080033be3",
    "https://deno.land/x/openai@v4.69.0/_vendor/zod-to-json-schema/parsers/bigint.ts": "e474e5df0786c97454c42bf585c5dde3755d556fa905d8ec1b82fab1d431bbb9",
    "https://deno.land/x/openai@v4.69.0/_vendor/zod-to-json-schema/parsers/boolean.ts": "21f013df593b5f883288ce79ad30d7e45230918584b48d148f3f0738c8634317",
    "https://deno.land/x/openai@v4.69.0/_vendor/zod-to-json-schema/parsers/branded.ts": "73ef54847b7356679d52c4649f99f824eb84b26053f1569ebf2659ca1c79ea69",
    "https://deno.land/x/openai@v4.69.0/_vendor/zod-to-json-schema/parsers/catch.ts": "964760fb5429f7dd397dfdec7e101aef66ca32397ed759b93b2d5111c2241989",
    "https://deno.land/x/openai@v4.69.0/_vendor/zod-to-json-schema/parsers/date.ts": "b572823f4cdabec59ca8ea1fe3a0d2946fc46248a17dca0bf9e7682143be2be0",
    "https://deno.land/x/openai@v4.69.0/_vendor/zod-to-json-schema/parsers/default.ts": "270169850ce9c06956fd5a2c0dbfa2dcacfac75d2f811fd4495c1a52f7f14e72",
    "https://deno.land/x/openai@v4.69.0/_vendor/zod-to-json-schema/parsers/effects.ts": "1a0bda234d9a64903ee29de9c4652bc2064540e16a9e7779b43d0c4f1a57fbce",
    "https://deno.land/x/openai@v4.69.0/_vendor/zod-to-json-schema/parsers/enum.ts": "28476e3f76820d43d713375414f2e598aedfe82e1bbd2b275e4cde587ce830e1",
    "https://deno.land/x/openai@v4.69.0/_vendor/zod-to-json-schema/parsers/intersection.ts": "8e3ce429ba3c4dd72782e48325256b27e45aa09d6f4730aaf3e1aa32b85aeb47",
    "https://deno.land/x/openai@v4.69.0/_vendor/zod-to-json-schema/parsers/literal.ts": "3ffe5c566379d01fe0beaf318fc86bb93717c78f2f134051df42cd18c122edd8",
    "https://deno.land/x/openai@v4.69.0/_vendor/zod-to-json-schema/parsers/map.ts": "f3c08d7fab9e231363427b8501d39af17b066f1f525a8fc1230b086a627ec440",
    "https://deno.land/x/openai@v4.69.0/_vendor/zod-to-json-schema/parsers/nativeEnum.ts": "05044da1d3394ccc9a67b63b23b8844d2bb7a85eba306e759fd3510d9d8c505e",
    "https://deno.land/x/openai@v4.69.0/_vendor/zod-to-json-schema/parsers/never.ts": "301bda283d33de7055345551dab3a450bd90d3b630a7642901c3982a8e1d0238",
    "https://deno.land/x/openai@v4.69.0/_vendor/zod-to-json-schema/parsers/null.ts": "f717c6698db075ffff5b33a2108c1c75899318b76c629619ef83233733afcb19",
    "https://deno.land/x/openai@v4.69.0/_vendor/zod-to-json-schema/parsers/nullable.ts": "08ec0008b64ab8a6aed7eac1d14d748806c90d480829b7fbce8f6828d3ec2175",
    "https://deno.land/x/openai@v4.69.0/_vendor/zod-to-json-schema/parsers/number.ts": "5ff0c80bc8e3310c74d69c00b71705ec4565f6c9d44f8bec93fd582757915667",
    "https://deno.land/x/openai@v4.69.0/_vendor/zod-to-json-schema/parsers/object.ts": "c617bbf266b02086eae7aec6a19e607b944c46035fbbeabc6acd10011a2fbeda",
    "https://deno.land/x/openai@v4.69.0/_vendor/zod-to-json-schema/parsers/optional.ts": "e34fa14dc96e21c9478daceca713ba0e3b9465d2613a53544c98d9abd5c1ea30",
    "https://deno.land/x/openai@v4.69.0/_vendor/zod-to-json-schema/parsers/pipeline.ts": "e890e882e837a82ef227aebaa59ed39d5899d64297ba52083bbbdb7df2698425",
    "https://deno.land/x/openai@v4.69.0/_vendor/zod-to-json-schema/parsers/promise.ts": "097dccdfa584416ef75be3b8aa4c811671b4a12d5771520ca1e602aaa1b2f922",
    "https://deno.land/x/openai@v4.69.0/_vendor/zod-to-json-schema/parsers/readonly.ts": "e23577b3906a8c825b6b78d031ee213263895ccd16420d20404196aeb006463b",
    "https://deno.land/x/openai@v4.69.0/_vendor/zod-to-json-schema/parsers/record.ts": "a9c8feb0b9f71c83c3921353bc3c9432409706882dc55febc8d3ed738f6ba943",
    "https://deno.land/x/openai@v4.69.0/_vendor/zod-to-json-schema/parsers/set.ts": "f04831db146a3ba2c60a14500ce882887fe449143243afddd5b6b57985918278",
    "https://deno.land/x/openai@v4.69.0/_vendor/zod-to-json-schema/parsers/string.ts": "b33e5b9f89013e6514f1f39d83de2c09d0af171418303c03337357355f78e6b9",
    "https://deno.land/x/openai@v4.69.0/_vendor/zod-to-json-schema/parsers/tuple.ts": "149aaa18090694da286b71adb3f70243dd1430b2ab2e7878e14f83850cd784f2",
    "https://deno.land/x/openai@v4.69.0/_vendor/zod-to-json-schema/parsers/undefined.ts": "15bf8cfc7f15258bd17b3e8c4dcbc4dddeddadf4aa33a0fa9aafec986f49c942",
    "https://deno.land/x/openai@v4.69.0/_vendor/zod-to-json-schema/parsers/union.ts": "8e9e17e9777ec7da5b72641f781b57f5a6629f8017f125e21e6fa90e297b3417",
    "https://deno.land/x/openai@v4.69.0/_vendor/zod-to-json-schema/parsers/unknown.ts": "4a61e81afaa4041f87498870fbd0b90249364c886dae360e7ef1f749a53c84a7",
    "https://deno.land/x/openai@v4.69.0/_vendor/zod-to-json-schema/util.ts": "9e253fc96b7f4eb5ddcb7e0acb586b66c3ba986962546148cd8e3fca3b08b57d",
    "https://deno.land/x/openai@v4.69.0/_vendor/zod-to-json-schema/zodToJsonSchema.ts": "55eaae1efe71cf525729edd344dfd7c92b8d5af2a4135c7d1e6150a9288bcc94",
    "https://deno.land/x/openai@v4.69.0/core.ts": "1a22d633616438e05192c7220c2e6206ce16fb1c46316a50ac4b0e786b1617cb",
    "https://deno.land/x/openai@v4.69.0/error.ts": "ffe2c1e6a373a88593c70289b94a44a508a925fde16807e489fa146b538f37de",
    "https://deno.land/x/openai@v4.69.0/helpers/zod.ts": "f6fb400a6589f46d1a1f2704d68dc79b47f0caf9e3126bb976f4d9ef6dd2e958",
    "https://deno.land/x/openai@v4.69.0/internal/decoders/line.ts": "6ca47bdd694f2b96506012aa3f4d23a82d71d44dbe66f6f07d62e4733b161bfb",
    "https://deno.land/x/openai@v4.69.0/internal/qs/formats.ts": "7bbe68548238a984644a723bd045614c5b0e81c1a0ae5c3acc050931442d67d7",
    "https://deno.land/x/openai@v4.69.0/internal/qs/mod.ts": "eab02831aa5e2896d12b824cebf9b2c3a0fc718e8488a05b6d7c2d35895c102a",
    "https://deno.land/x/openai@v4.69.0/internal/qs/stringify.ts": "777514fc7107d6878a8ac80897bd4ca6f9be7ecf67ecf51f57359ec5e7186763",
    "https://deno.land/x/openai@v4.69.0/internal/qs/types.ts": "9c319089f022ad9d1fd95d87e2232de8c352bb980ee51de757b4bc23181cfbc2",
    "https://deno.land/x/openai@v4.69.0/internal/qs/utils.ts": "9a2ecb6321ed49aa4e6f7cd7a47778365c7c3778283264c7c5e1756bfd7b97d1",
    "https://deno.land/x/openai@v4.69.0/lib/AbstractChatCompletionRunner.ts": "be24ad750e83495a1ec0ea2a6695798f6210e5f939a5d358597f3e46836c7d7c",
    "https://deno.land/x/openai@v4.69.0/lib/AssistantStream.ts": "4d7ab356cc77299e98a5926908ed080de2af0083bba6a1ffeb5509bc8f8d0a9d",
    "https://deno.land/x/openai@v4.69.0/lib/ChatCompletionRunner.ts": "f2038e4b0000d59bdfe601703ca9326085e493ba4b90ed8186a61d75d2377248",
    "https://deno.land/x/openai@v4.69.0/lib/ChatCompletionStream.ts": "4cb95561b01aa471895d398f1461a96c7272b0efd2c010ad1d4b9620a7ae1f47",
    "https://deno.land/x/openai@v4.69.0/lib/ChatCompletionStreamingRunner.ts": "35f8658c5fb354a724f59eca13731523bf565520b5923c00d995b09e2ea9a56f",
    "https://deno.land/x/openai@v4.69.0/lib/EventStream.ts": "14836091490ea45c9d1168dd91c179dbad7757ca7c7f953049f2bce10b0cbf6e",
    "https://deno.land/x/openai@v4.69.0/lib/RunnableFunction.ts": "640a9d35f27b470a95711d841295ccc530b851dec274f9a70bcd12cb04041545",
    "https://deno.land/x/openai@v4.69.0/lib/Util.ts": "aa555aecdbba8b0ae2e8a982a6797cabc0942fa0d2e99ce629d243d9032941b8",
    "https://deno.land/x/openai@v4.69.0/lib/chatCompletionUtils.ts": "4991d3e698a54f8e4273eb0f1d73851f7ba549a0a32fabbcd739627677003cb9",
    "https://deno.land/x/openai@v4.69.0/lib/jsonschema.ts": "ed31a7861e19e505c43aa7612579b2739243ee8e8dd47ccb5f8908fa5ff3b5f0",
    "https://deno.land/x/openai@v4.69.0/lib/parser.ts": "1461923499c521d97bdb7223adc228b3e1073f52d7d7c48822423081b8cc5c0c",
    "https://deno.land/x/openai@v4.69.0/mod.ts": "c6a4cb63aa253223a0de019872b6ec6fdbeb5dcec321e35a520484b3fea91904",
    "https://deno.land/x/openai@v4.69.0/pagination.ts": "02a6737ca6c987cab6effa2788327d022b9e0edc95dd98db0be986383f484e22",
    "https://deno.land/x/openai@v4.69.0/resource.ts": "c496dbda8dc6324d25fcef3d7233310935259d6aa0baf4b0d95039e4913f6380",
    "https://deno.land/x/openai@v4.69.0/resources/audio/audio.ts": "45b72cb5faa51c5823d7cc6b7629887373a0f3ccff6509c2d591ef08f1429a56",
    "https://deno.land/x/openai@v4.69.0/resources/audio/speech.ts": "406fd5cb6d9799dfbad09f4c9156797114550552f63d9a1822846b4e79f1950e",
    "https://deno.land/x/openai@v4.69.0/resources/audio/transcriptions.ts": "c0c9bdfb7a8c118947c70e8bb0d6e3e448c2a7dbf79ebfaa8beca5398dad87cb",
    "https://deno.land/x/openai@v4.69.0/resources/audio/translations.ts": "b09cafa74f0f4e9a6d78a687d898d1d9057556142c7df6d5b469f2693a8911d9",
    "https://deno.land/x/openai@v4.69.0/resources/batches.ts": "c74d0c40fd748fae60107297a10a62a1a98a646ac2a1b20e9be8499bdceeda57",
    "https://deno.land/x/openai@v4.69.0/resources/beta/assistants.ts": "dcf463ceb2424d6cbf8a3785c7d4074226b4a45388567773e5b88d62b81d871b",
    "https://deno.land/x/openai@v4.69.0/resources/beta/beta.ts": "18d141633c9ca356feed84f71789d37a0076f711012de4f0120a50226f9eaf88",
    "https://deno.land/x/openai@v4.69.0/resources/beta/chat/chat.ts": "80dc8786a4b895e9fb152495496f44ac669e95fbb9c2f5a3c0bd379f408b1e1c",
    "https://deno.land/x/openai@v4.69.0/resources/beta/chat/completions.ts": "4599a35da9351cd58ab46e536c3f62e207762f64655786de1f931438c125bf57",
    "https://deno.land/x/openai@v4.69.0/resources/beta/threads/messages.ts": "51acea64463644078110c67e280a49f630a8cefa62d7cff20c8e2e1fa10ebf0d",
    "https://deno.land/x/openai@v4.69.0/resources/beta/threads/runs/runs.ts": "a26a407ef55673e38e6c51abc8623a6469aed59d8a8fdde8706993e54694cb27",
    "https://deno.land/x/openai@v4.69.0/resources/beta/threads/runs/steps.ts": "6c4860df114632ff38fafb2e1dc7485b77dcf88570bc07544016c847db4ed21b",
    "https://deno.land/x/openai@v4.69.0/resources/beta/threads/threads.ts": "e410ba22441ce0d8dcfc155a5b57823189ff77ece733f6e8b932db4f3706f22f",
    "https://deno.land/x/openai@v4.69.0/resources/beta/vector-stores/file-batches.ts": "9b727c0aa5306580bfc0c474ce1871968707dfa3906fba05d737f95cc05af406",
    "https://deno.land/x/openai@v4.69.0/resources/beta/vector-stores/files.ts": "fff8fa00e3df2608741e7b83a95264b3bf9400bf9fe820e2a5ae72d7ea3f0198",
    "https://deno.land/x/openai@v4.69.0/resources/beta/vector-stores/vector-stores.ts": "544bdb83534d746d5577801c092a92e1d515571d68fa6509954089b11e813c91",
    "https://deno.land/x/openai@v4.69.0/resources/chat/chat.ts": "8209074deaa9a91a7c0fb660eba0bf09358c450cb0e9a2c0ed3df902e05658f6",
    "https://deno.land/x/openai@v4.69.0/resources/chat/completions.ts": "86e69cd410849236487f72a2086045c3a350de9b34552c2eb1716252c0f45268",
    "https://deno.land/x/openai@v4.69.0/resources/chat/mod.ts": "5bf995771df8aa7e86c1ede244f3d710841fb60276456e016a2f5fca595f3388",
    "https://deno.land/x/openai@v4.69.0/resources/completions.ts": "eed691559845988ce6ae9149fd4529977addb38174cb94165ebb7fc101fe052d",
    "https://deno.land/x/openai@v4.69.0/resources/embeddings.ts": "f85f38aeb2963535a11065b4a1852e07ab5428ec1b0b7997d3d1027f0d4adc4d",
    "https://deno.land/x/openai@v4.69.0/resources/files.ts": "b3edff249bbd1bd29c4bac1d2d32dfb44e9afbea0cbf31f37b240748059cff55",
    "https://deno.land/x/openai@v4.69.0/resources/fine-tuning/fine-tuning.ts": "5cb89d96fc6d914ae2d68257a4d08a1f12c140c12b7892a14393177ca9c4ca2b",
    "https://deno.land/x/openai@v4.69.0/resources/fine-tuning/jobs/checkpoints.ts": "d5a62d828186fb54b50ac2aa0f82a8f9b0c66a7ece0728e79e30cf6e19251bdf",
    "https://deno.land/x/openai@v4.69.0/resources/fine-tuning/jobs/jobs.ts": "cce555739996ad8611963b2d68d328c757fa1535fa8fc347982ca8fae2d3d7ac",
    "https://deno.land/x/openai@v4.69.0/resources/images.ts": "5774e74b1e88b7ba696272fac83a41c1558737d2640da64bcdfb11ba253b0943",
    "https://deno.land/x/openai@v4.69.0/resources/mod.ts": "feac7be25f772e37663e9764a5c6ba6d95ee8aa44a664e119a858bd8c005f52f",
    "https://deno.land/x/openai@v4.69.0/resources/models.ts": "fc8620e0d93158560be0e941bbb298870c7f85515ec2a411602fb46a1269ea93",
    "https://deno.land/x/openai@v4.69.0/resources/moderations.ts": "b9fb1e5f9597b46628f0181decbbcef7abf54bfbe0f57953669e6c26b45ed6ee",
    "https://deno.land/x/openai@v4.69.0/resources/shared.ts": "79abd8e478551d04209384197e86a7bc390a5a3de5d10b0f60aa67c9af4ad3b4",
    "https://deno.land/x/openai@v4.69.0/resources/uploads/parts.ts": "261610445bbbacdf913aec27d9084dbdd95c524b5eb74c0a3b9cb650d6135584",
    "https://deno.land/x/openai@v4.69.0/resources/uploads/uploads.ts": "6d42e5238aecba708eed1b48ad5eab37d7a9950d06e5f74aa059c8b94cfeff36",
    "https://deno.land/x/openai@v4.69.0/streaming.ts": "cde0b254d2a56e2e737b93a80109bead39ebfe9a44595f4d6625a3e1b56311d0",
    "https://deno.land/x/openai@v4.69.0/uploads.ts": "8dd7822de2fdb6a46be3941af43788000d4a2b56104180403f68999370d04542",
    "https://deno.land/x/openai@v4.69.0/version.ts": "b3c8e3c467769a9a5fc99440804b57eacfa99303e796e22350972a77d67744c2",
    "https://deno.land/x/zod@v3.25/ZodError.ts": "27b41119736fcdc69cc72e63838bed1e9e1210c7ce721211f02256e06b443b55",
    "https://deno.land/x/zod@v3.25/errors.ts": "5285922d2be9700cc0c70c95e4858952b07ae193aa0224be3cbd5cd5567eabef",
    "https://deno.land/x/zod@v3.25/external.ts": "a6cfbd61e9e097d5f42f8a7ed6f92f93f51ff927d29c9fbaec04f03cbce130fe",
    "https://deno.land/x/zod@v3.25/helpers/enumUtil.ts": "54efc393cc9860e687d8b81ff52e980def00fa67377ad0bf8b3104f8a5bf698c",
    "https://deno.land/x/zod@v3.25/helpers/errorUtil.ts": "7a77328240be7b847af6de9189963bd9f79cab32bbc61502a9db4fe6683e2ea7",
    "https://deno.land/x/zod@v3.25/helpers/parseUtil.ts": "c14814d167cc286972b6e094df88d7d982572a08424b7cd50f862036b6fcaa77",
    "https://deno.land/x/zod@v3.25/helpers/partialUtil.ts": "998c2fe79795257d4d1cf10361e74492f3b7d852f61057c7c08ac0a46488b7e7",
    "https://deno.land/x/zod@v3.25/helpers/typeAliases.ts": "0fda31a063c6736fc3cf9090dd94865c811dfff4f3cb8707b932bf937c6f2c3e",
    "https://deno.land/x/zod@v3.25/helpers/util.ts": "baf6a3d8e0ac1887110a9ce8f73587d31cb2e5646e882a27bf2e774151a53d9b",
    "https://deno.land/x/zod@v3.25/index.ts": "d27aabd973613985574bc31f39e45cb5d856aa122ef094a9f38a463b8ef1a268",
    "https://deno.land/x/zod@v3.25/locales/en.ts": "a7a25cd23563ccb5e0eed214d9b31846305ddbcdb9c5c8f508b108943366ab4c",
    "https://deno.land/x/zod@v3.25/mod.ts": "ec6e2b1255c1a350b80188f97bd0a6bac45801bb46fc48f50b9763aa66046039",
    "https://deno.land/x/zod@v3.25/standard-schema.ts": "4abb2e7bd784fb95d219584673971bb317e74fb4fd0c74c196b558ba46df4456",
    "https://deno.land/x/zod@v3.25/types.ts": "cfdd77407d4b06e79bd63e9cfdb6091489aeb5f432d03a68c0531c1965d001fb"
  }
}
